// !$*UTF8*$!
{
	archiveVersion = 1;
	classes = {
	};
	objectVersion = 70;
	objects = {

/* Begin PBXBuildFile section */
		CDCD838629B370E400E84BB2 /* AppDelegate.swift in Sources */ = {isa = PBXBuildFile; fileRef = CDCD838529B370E400E84BB2 /* AppDelegate.swift */; };
		CDCD838829B370E400E84BB2 /* SceneDelegate.swift in Sources */ = {isa = PBXBuildFile; fileRef = CDCD838729B370E400E84BB2 /* SceneDelegate.swift */; };
		CDCD838D29B370E400E84BB2 /* Main.storyboard in Resources */ = {isa = PBXBuildFile; fileRef = CDCD838B29B370E400E84BB2 /* Main.storyboard */; };
		CDCD838F29B370E400E84BB2 /* Assets.xcassets in Resources */ = {isa = PBXBuildFile; fileRef = CDCD838E29B370E400E84BB2 /* Assets.xcassets */; };
		CDCD839229B370E400E84BB2 /* LaunchScreen.storyboard in Resources */ = {isa = PBXBuildFile; fileRef = CDCD839029B370E400E84BB2 /* LaunchScreen.storyboard */; };
		CDCD839B29B3729400E84BB2 /* CollectionViewCell.swift in Sources */ = {isa = PBXBuildFile; fileRef = CDCD839929B3729400E84BB2 /* CollectionViewCell.swift */; };
		CDCD839C29B3729400E84BB2 /* CollectionViewCell.xib in Resources */ = {isa = PBXBuildFile; fileRef = CDCD839A29B3729400E84BB2 /* CollectionViewCell.xib */; };
/* End PBXBuildFile section */

/* Begin PBXFileReference section */
		CDCD838229B370E400E84BB2 /* CollectionViewLearning.app */ = {isa = PBXFileReference; explicitFileType = wrapper.application; includeInIndex = 0; path = CollectionViewLearning.app; sourceTree = BUILT_PRODUCTS_DIR; };
		CDCD838529B370E400E84BB2 /* AppDelegate.swift */ = {isa = PBXFileReference; lastKnownFileType = sourcecode.swift; path = AppDelegate.swift; sourceTree = "<group>"; };
		CDCD838729B370E400E84BB2 /* SceneDelegate.swift */ = {isa = PBXFileReference; lastKnownFileType = sourcecode.swift; path = SceneDelegate.swift; sourceTree = "<group>"; };
		CDCD838C29B370E400E84BB2 /* Base */ = {isa = PBXFileReference; lastKnownFileType = file.storyboard; name = Base; path = Base.lproj/Main.storyboard; sourceTree = "<group>"; };
		CDCD838E29B370E400E84BB2 /* Assets.xcassets */ = {isa = PBXFileReference; lastKnownFileType = folder.assetcatalog; path = Assets.xcassets; sourceTree = "<group>"; };
		CDCD839129B370E400E84BB2 /* Base */ = {isa = PBXFileReference; lastKnownFileType = file.storyboard; name = Base; path = Base.lproj/LaunchScreen.storyboard; sourceTree = "<group>"; };
		CDCD839329B370E400E84BB2 /* Info.plist */ = {isa = PBXFileReference; lastKnownFileType = text.plist.xml; path = Info.plist; sourceTree = "<group>"; };
		CDCD839929B3729400E84BB2 /* CollectionViewCell.swift */ = {isa = PBXFileReference; lastKnownFileType = sourcecode.swift; path = CollectionViewCell.swift; sourceTree = "<group>"; };
		CDCD839A29B3729400E84BB2 /* CollectionViewCell.xib */ = {isa = PBXFileReference; lastKnownFileType = file.xib; path = CollectionViewCell.xib; sourceTree = "<group>"; };
/* End PBXFileReference section */

/* Begin PBXFileSystemSynchronizedRootGroup section */
		CD2810582F7316B500436513 /* SimpleCollectionView */ = {isa = PBXFileSystemSynchronizedRootGroup; explicitFileTypes = {}; explicitFolders = (); path = SimpleCollectionView; sourceTree = "<group>"; };
		CD28105A2F73170800436513 /* HomeVC */ = {isa = PBXFileSystemSynchronizedRootGroup; explicitFileTypes = {}; explicitFolders = (); path = HomeVC; sourceTree = "<group>"; };
		CD28105F2F731C2A00436513 /* CollectionViewLayout */ = {isa = PBXFileSystemSynchronizedRootGroup; explicitFileTypes = {}; explicitFolders = (); path = CollectionViewLayout; sourceTree = "<group>"; };
/* End PBXFileSystemSynchronizedRootGroup section */

/* Begin PBXFrameworksBuildPhase section */
		CDCD837F29B370E400E84BB2 /* Frameworks */ = {
			isa = PBXFrameworksBuildPhase;
			buildActionMask = 2147483647;
			files = (
			);
			runOnlyForDeploymentPostprocessing = 0;
		};
/* End PBXFrameworksBuildPhase section */

/* Begin PBXGroup section */
		CD2810592F7316DC00436513 /* CustomCell */ = {
			isa = PBXGroup;
			children = (
				CDCD839929B3729400E84BB2 /* CollectionViewCell.swift */,
				CDCD839A29B3729400E84BB2 /* CollectionViewCell.xib */,
			);
			path = CustomCell;
			sourceTree = "<group>";
		};
		CDCD837929B370E400E84BB2 = {
			isa = PBXGroup;
			children = (
				CDCD838429B370E400E84BB2 /* CollectionViewLearning */,
				CDCD838329B370E400E84BB2 /* Products */,
			);
			sourceTree = "<group>";
		};
		CDCD838329B370E400E84BB2 /* Products */ = {
			isa = PBXGroup;
			children = (
				CDCD838229B370E400E84BB2 /* CollectionViewLearning.app */,
			);
			name = Products;
			sourceTree = "<group>";
		};
		CDCD838429B370E400E84BB2 /* CollectionViewLearning */ = {
			isa = PBXGroup;
			children = (
				CD28105F2F731C2A00436513 /* CollectionViewLayout */,
				CD28105A2F73170800436513 /* HomeVC */,
				CD2810592F7316DC00436513 /* CustomCell */,
				CDCD838529B370E400E84BB2 /* AppDelegate.swift */,
				CDCD838729B370E400E84BB2 /* SceneDelegate.swift */,
				CD2810582F7316B500436513 /* SimpleCollectionView */,
				CDCD838B29B370E400E84BB2 /* Main.storyboard */,
				CDCD838E29B370E400E84BB2 /* Assets.xcassets */,
				CDCD839029B370E400E84BB2 /* LaunchScreen.storyboard */,
				CDCD839329B370E400E84BB2 /* Info.plist */,
			);
			path = CollectionViewLearning;
			sourceTree = "<group>";
		};
/* End PBXGroup section */

/* Begin PBXNativeTarget section */
		CDCD838129B370E400E84BB2 /* CollectionViewLearning */ = {
			isa = PBXNativeTarget;
			buildConfigurationList = CDCD839629B370E400E84BB2 /* Build configuration list for PBXNativeTarget "CollectionViewLearning" */;
			buildPhases = (
				CDCD837E29B370E400E84BB2 /* Sources */,
				CDCD837F29B370E400E84BB2 /* Frameworks */,
				CDCD838029B370E400E84BB2 /* Resources */,
			);
			buildRules = (
			);
			dependencies = (
			);
			fileSystemSynchronizedGroups = (
				CD2810582F7316B500436513 /* SimpleCollectionView */,
				CD28105A2F73170800436513 /* HomeVC */,
				CD28105F2F731C2A00436513 /* CollectionViewLayout */,
			);
			name = CollectionViewLearning;
			productName = CollectionView_Demo;
			productReference = CDCD838229B370E400E84BB2 /* CollectionViewLearning.app */;
			productType = "com.apple.product-type.application";
		};
/* End PBXNativeTarget section */

/* Begin PBXProject section */
		CDCD837A29B370E400E84BB2 /* Project object */ = {
			isa = PBXProject;
			attributes = {
				BuildIndependentTargetsInParallel = 1;
				LastSwiftUpdateCheck = 1410;
				LastUpgradeCheck = 1410;
				TargetAttributes = {
					CDCD838129B370E400E84BB2 = {
						CreatedOnToolsVersion = 14.1;
					};
				};
			};
			buildConfigurationList = CDCD837D29B370E400E84BB2 /* Build configuration list for PBXProject "CollectionViewLearning" */;
			compatibilityVersion = "Xcode 14.0";
			developmentRegion = en;
			hasScannedForEncodings = 0;
			knownRegions = (
				en,
				Base,
			);
			mainGroup = CDCD837929B370E400E84BB2;
			productRefGroup = CDCD838329B370E400E84BB2 /* Products */;
			projectDirPath = "";
			projectRoot = "";
			targets = (
				CDCD838129B370E400E84BB2 /* CollectionViewLearning */,
			);
		};
/* End PBXProject section */

/* Begin PBXResourcesBuildPhase section */
		CDCD838029B370E400E84BB2 /* Resources */ = {
			isa = PBXResourcesBuildPhase;
			buildActionMask = 2147483647;
			files = (
				CDCD839229B370E400E84BB2 /* LaunchScreen.storyboard in Resources */,
				CDCD838F29B370E400E84BB2 /* Assets.xcassets in Resources */,
				CDCD839C29B3729400E84BB2 /* CollectionViewCell.xib in Resources */,
				CDCD838D29B370E400E84BB2 /* Main.storyboard in Resources */,
			);
			runOnlyForDeploymentPostprocessing = 0;
		};
/* End PBXResourcesBuildPhase section */

/* Begin PBXSourcesBuildPhase section */
		CDCD837E29B370E400E84BB2 /* Sources */ = {
			isa = PBXSourcesBuildPhase;
			buildActionMask = 2147483647;
			files = (
				CDCD838629B370E400E84BB2 /* AppDelegate.swift in Sources */,
				CDCD839B29B3729400E84BB2 /* CollectionViewCell.swift in Sources */,
				CDCD838829B370E400E84BB2 /* SceneDelegate.swift in Sources */,
			);
			runOnlyForDeploymentPostprocessing = 0;
		};
/* End PBXSourcesBuildPhase section */

/* Begin PBXVariantGroup section */
		CDCD838B29B370E400E84BB2 /* Main.storyboard */ = {
			isa = PBXVariantGroup;
			children = (
				CDCD838C29B370E400E84BB2 /* Base */,
			);
			name = Main.storyboard;
			sourceTree = "<group>";
		};
		CDCD839029B370E400E84BB2 /* LaunchScreen.storyboard */ = {
			isa = PBXVariantGroup;
			children = (
				CDCD839129B370E400E84BB2 /* Base */,
			);
			name = LaunchScreen.storyboard;
			sourceTree = "<group>";
		};
/* End PBXVariantGroup section */

/* Begin XCBuildConfiguration section */
		CDCD839429B370E400E84BB2 /* Debug */ = {
			isa = XCBuildConfiguration;
			buildSettings = {
				ALWAYS_SEARCH_USER_PATHS = NO;
				CLANG_ANALYZER_NONNULL = YES;
				CLANG_ANALYZER_NUMBER_OBJECT_CONVERSION = YES_AGGRESSIVE;
				CLANG_CXX_LANGUAGE_STANDARD = "gnu++20";
				CLANG_ENABLE_MODULES = YES;
				CLANG_ENABLE_OBJC_ARC = YES;
				CLANG_ENABLE_OBJC_WEAK = YES;
				CLANG_WARN_BLOCK_CAPTURE_AUTORELEASING = YES;
				CLANG_WARN_BOOL_CONVERSION = YES;
				CLANG_WARN_COMMA = YES;
				CLANG_WARN_CONSTANT_CONVERSION = YES;
				CLANG_WARN_DEPRECATED_OBJC_IMPLEMENTATIONS = YES;
				CLANG_WARN_DIRECT_OBJC_ISA_USAGE = YES_ERROR;
				CLANG_WARN_DOCUMENTATION_COMMENTS = YES;
				CLANG_WARN_EMPTY_BODY = YES;
				CLANG_WARN_ENUM_CONVERSION = YES;
				CLANG_WARN_INFINITE_RECURSION = YES;
				CLANG_WARN_INT_CONVERSION = YES;
				CLANG_WARN_NON_LITERAL_NULL_CONVERSION = YES;
				CLANG_WARN_OBJC_IMPLICIT_RETAIN_SELF = YES;
				CLANG_WARN_OBJC_LITERAL_CONVERSION = YES;
				CLANG_WARN_OBJC_ROOT_CLASS = YES_ERROR;
				CLANG_WARN_QUOTED_INCLUDE_IN_FRAMEWORK_HEADER = YES;
				CLANG_WARN_RANGE_LOOP_ANALYSIS = YES;
				CLANG_WARN_STRICT_PROTOTYPES = YES;
				CLANG_WARN_SUSPICIOUS_MOVE = YES;
				CLANG_WARN_UNGUARDED_AVAILABILITY = YES_AGGRESSIVE;
				CLANG_WARN_UNREACHABLE_CODE = YES;
				CLANG_WARN__DUPLICATE_METHOD_MATCH = YES;
				COPY_PHASE_STRIP = NO;
				DEBUG_INFORMATION_FORMAT = dwarf;
				ENABLE_STRICT_OBJC_MSGSEND = YES;
				ENABLE_TESTABILITY = YES;
				GCC_C_LANGUAGE_STANDARD = gnu11;
				GCC_DYNAMIC_NO_PIC = NO;
				GCC_NO_COMMON_BLOCKS = YES;
				GCC_OPTIMIZATION_LEVEL = 0;
				GCC_PREPROCESSOR_DEFINITIONS = (
					"DEBUG=1",
					"$(inherited)",
				);
				GCC_WARN_64_TO_32_BIT_CONVERSION = YES;
				GCC_WARN_ABOUT_RETURN_TYPE = YES_ERROR;
				GCC_WARN_UNDECLARED_SELECTOR = YES;
				GCC_WARN_UNINITIALIZED_AUTOS = YES_AGGRESSIVE;
				GCC_WARN_UNUSED_FUNCTION = YES;
				GCC_WARN_UNUSED_VARIABLE = YES;
				IPHONEOS_DEPLOYMENT_TARGET = 16.1;
				MTL_ENABLE_DEBUG_INFO = INCLUDE_SOURCE;
				MTL_FAST_MATH = YES;
				ONLY_ACTIVE_ARCH = YES;
				SDKROOT = iphoneos;
				SWIFT_ACTIVE_COMPILATION_CONDITIONS = DEBUG;
				SWIFT_OPTIMIZATION_LEVEL = "-Onone";
			};
			name = Debug;
		};
		CDCD839529B370E400E84BB2 /* Release */ = {
			isa = XCBuildConfiguration;
			buildSettings = {
				ALWAYS_SEARCH_USER_PATHS = NO;
				CLANG_ANALYZER_NONNULL = YES;
				CLANG_ANALYZER_NUMBER_OBJECT_CONVERSION = YES_AGGRESSIVE;
				CLANG_CXX_LANGUAGE_STANDARD = "gnu++20";
				CLANG_ENABLE_MODULES = YES;
				CLANG_ENABLE_OBJC_ARC = YES;
				CLANG_ENABLE_OBJC_WEAK = YES;
				CLANG_WARN_BLOCK_CAPTURE_AUTORELEASING = YES;
				CLANG_WARN_BOOL_CONVERSION = YES;
				CLANG_WARN_COMMA = YES;
				CLANG_WARN_CONSTANT_CONVERSION = YES;
				CLANG_WARN_DEPRECATED_OBJC_IMPLEMENTATIONS = YES;
				CLANG_WARN_DIRECT_OBJC_ISA_USAGE = YES_ERROR;
				CLANG_WARN_DOCUMENTATION_COMMENTS = YES;
				CLANG_WARN_EMPTY_BODY = YES;
				CLANG_WARN_ENUM_CONVERSION = YES;
				CLANG_WARN_INFINITE_RECURSION = YES;
				CLANG_WARN_INT_CONVERSION = YES;
				CLANG_WARN_NON_LITERAL_NULL_CONVERSION = YES;
				CLANG_WARN_OBJC_IMPLICIT_RETAIN_SELF = YES;
				CLANG_WARN_OBJC_LITERAL_CONVERSION = YES;
				CLANG_WARN_OBJC_ROOT_CLASS = YES_ERROR;
				CLANG_WARN_QUOTED_INCLUDE_IN_FRAMEWORK_HEADER = YES;
				CLANG_WARN_RANGE_LOOP_ANALYSIS = YES;
				CLANG_WARN_STRICT_PROTOTYPES = YES;
				CLANG_WARN_SUSPICIOUS_MOVE = YES;
				CLANG_WARN_UNGUARDED_AVAILABILITY = YES_AGGRESSIVE;
				CLANG_WARN_UNREACHABLE_CODE = YES;
				CLANG_WARN__DUPLICATE_METHOD_MATCH = YES;
				COPY_PHASE_STRIP = NO;
				DEBUG_INFORMATION_FORMAT = "dwarf-with-dsym";
				ENABLE_NS_ASSERTIONS = NO;
				ENABLE_STRICT_OBJC_MSGSEND = YES;
				GCC_C_LANGUAGE_STANDARD = gnu11;
				GCC_NO_COMMON_BLOCKS = YES;
				GCC_WARN_64_TO_32_BIT_CONVERSION = YES;
				GCC_WARN_ABOUT_RETURN_TYPE = YES_ERROR;
				GCC_WARN_UNDECLARED_SELECTOR = YES;
				GCC_WARN_UNINITIALIZED_AUTOS = YES_AGGRESSIVE;
				GCC_WARN_UNUSED_FUNCTION = YES;
				GCC_WARN_UNUSED_VARIABLE = YES;
				IPHONEOS_DEPLOYMENT_TARGET = 16.1;
				MTL_ENABLE_DEBUG_INFO = NO;
				MTL_FAST_MATH = YES;
				SDKROOT = iphoneos;
				SWIFT_COMPILATION_MODE = wholemodule;
				SWIFT_OPTIMIZATION_LEVEL = "-O";
				VALIDATE_PRODUCT = YES;
			};
			name = Release;
		};
		CDCD839729B370E400E84BB2 /* Debug */ = {
			isa = XCBuildConfiguration;
			buildSettings = {
				ASSETCATALOG_COMPILER_APPICON_NAME = AppIcon;
				ASSETCATALOG_COMPILER_GLOBAL_ACCENT_COLOR_NAME = AccentColor;
				CODE_SIGN_STYLE = Automatic;
				CURRENT_PROJECT_VERSION = 1;
				DEVELOPMENT_TEAM = FNWN2U87WS;
				GENERATE_INFOPLIST_FILE = YES;
				INFOPLIST_FILE = CollectionViewLearning/Info.plist;
				INFOPLIST_KEY_UIApplicationSupportsIndirectInputEvents = YES;
				INFOPLIST_KEY_UILaunchStoryboardName = LaunchScreen;
				INFOPLIST_KEY_UIMainStoryboardFile = Main;
				INFOPLIST_KEY_UISupportedInterfaceOrientations_iPad = "UIInterfaceOrientationPortrait UIInterfaceOrientationPortraitUpsideDown UIInterfaceOrientationLandscapeLeft UIInterfaceOrientationLandscapeRight";
				INFOPLIST_KEY_UISupportedInterfaceOrientations_iPhone = "UIInterfaceOrientationPortrait UIInterfaceOrientationLandscapeLeft UIInterfaceOrientationLandscapeRight";
				LD_RUNPATH_SEARCH_PATHS = (
					"$(inherited)",
					"@executable_path/Frameworks",
				);
				MARKETING_VERSION = 1.0;
				PRODUCT_BUNDLE_IDENTIFIER = com.Presentation.CollectionViewLearning;
				PRODUCT_NAME = "$(TARGET_NAME)";
				SWIFT_EMIT_LOC_STRINGS = YES;
				SWIFT_VERSION = 5.0;
				TARGETED_DEVICE_FAMILY = "1,2";
			};
			name = Debug;
		};
		CDCD839829B370E400E84BB2 /* Release */ = {
			isa = XCBuildConfiguration;
			buildSettings = {
				ASSETCATALOG_COMPILER_APPICON_NAME = AppIcon;
				ASSETCATALOG_COMPILER_GLOBAL_ACCENT_COLOR_NAME = AccentColor;
				CODE_SIGN_STYLE = Automatic;
				CURRENT_PROJECT_VERSION = 1;
				DEVELOPMENT_TEAM = FNWN2U87WS;
				GENERATE_INFOPLIST_FILE = YES;
				INFOPLIST_FILE = CollectionViewLearning/Info.plist;
				INFOPLIST_KEY_UIApplicationSupportsIndirectInputEvents = YES;
				INFOPLIST_KEY_UILaunchStoryboardName = LaunchScreen;
				INFOPLIST_KEY_UIMainStoryboardFile = Main;
				INFOPLIST_KEY_UISupportedInterfaceOrientations_iPad = "UIInterfaceOrientationPortrait UIInterfaceOrientationPortraitUpsideDown UIInterfaceOrientationLandscapeLeft UIInterfaceOrientationLandscapeRight";
				INFOPLIST_KEY_UISupportedInterfaceOrientations_iPhone = "UIInterfaceOrientationPortrait UIInterfaceOrientationLandscapeLeft UIInterfaceOrientationLandscapeRight";
				LD_RUNPATH_SEARCH_PATHS = (
					"$(inherited)",
					"@executable_path/Frameworks",
				);
				MARKETING_VERSION = 1.0;
				PRODUCT_BUNDLE_IDENTIFIER = com.Presentation.CollectionViewLearning;
				PRODUCT_NAME = "$(TARGET_NAME)";
				SWIFT_EMIT_LOC_STRINGS = YES;
				SWIFT_VERSION = 5.0;
				TARGETED_DEVICE_FAMILY = "1,2";
			};
			name = Release;
		};
/* End XCBuildConfiguration section */

/* Begin XCConfigurationList section */
		CDCD837D29B370E400E84BB2 /* Build configuration list for PBXProject "CollectionViewLearning" */ = {
			isa = XCConfigurationList;
			buildConfigurations = (
				CDCD839429B370E400E84BB2 /* Debug */,
				CDCD839529B370E400E84BB2 /* Release */,
			);
			defaultConfigurationIsVisible = 0;
			defaultConfigurationName = Release;
		};
		CDCD839629B370E400E84BB2 /* Build configuration list for PBXNativeTarget "CollectionViewLearning" */ = {
			isa = XCConfigurationList;
			buildConfigurations = (
				CDCD839729B370E400E84BB2 /* Debug */,
				CDCD839829B370E400E84BB2 /* Release */,
			);
			defaultConfigurationIsVisible = 0;
			defaultConfigurationName = Release;
		};
/* End XCConfigurationList section */
	};
	rootObject = CDCD837A29B370E400E84BB2 /* Project object */;
}
